# THIS IS AN AUTOGENERATED FILE. DO NOT EDIT THIS FILE DIRECTLY.
# yarn lockfile v1


ansi-regex@^2.0.0:
  version "2.0.0"
  resolved "https://registry.yarnpkg.com/ansi-regex/-/ansi-regex-2.0.0.tgz#c5061b6e0ef8a81775e50f5d66151bf6bf371107"

babel-runtime@^6.18.0:
  version "6.18.0"
  resolved "https://registry.yarnpkg.com/babel-runtime/-/babel-runtime-6.18.0.tgz#0f4177ffd98492ef13b9f823e9994a02584c9078"
  dependencies:
    core-js "^2.4.0"
    regenerator-runtime "^0.9.5"

core-js@^2.4.0:
  version "2.4.1"
  resolved "https://registry.yarnpkg.com/core-js/-/core-js-2.4.1.tgz#4de911e667b0eae9124e34254b53aea6fc618d3e"

cross-spawn@^4.0.0:
  version "4.0.2"
  resolved "https://registry.yarnpkg.com/cross-spawn/-/cross-spawn-4.0.2.tgz#7b9247621c23adfdd3856004a823cbe397424d41"
  dependencies:
    lru-cache "^4.0.1"
    which "^1.2.9"

default-shell@^1.0.0:
  version "1.0.1"
  resolved "https://registry.yarnpkg.com/default-shell/-/default-shell-1.0.1.tgz#752304bddc6174f49eb29cb988feea0b8813c8bc"

execa@^0.5.0:
  version "0.5.0"
  resolved "https://registry.yarnpkg.com/execa/-/execa-0.5.0.tgz#a57456764b990e3e52f6eff7f17a9cc2ff2e7ccc"
  dependencies:
    cross-spawn "^4.0.0"
    get-stream "^2.2.0"
    is-stream "^1.1.0"
    npm-run-path "^2.0.0"
    signal-exit "^3.0.0"
    strip-eof "^1.0.0"

get-stream@^2.2.0:
  version "2.3.1"
  resolved "https://registry.yarnpkg.com/get-stream/-/get-stream-2.3.1.tgz#5f38f93f346009666ee0150a054167f91bdd95de"
  dependencies:
    object-assign "^4.0.1"
    pinkie-promise "^2.0.0"

is-hyper@^0.2.0:
  version "0.2.0"
  resolved "https://registry.yarnpkg.com/is-hyper/-/is-hyper-0.2.0.tgz#8f29bab10e1346a77b3091f74ed7a4aa38484d32"
  dependencies:
    semver "^5.3.0"

is-stream@^1.1.0:
  version "1.1.0"
  resolved "https://registry.yarnpkg.com/is-stream/-/is-stream-1.1.0.tgz#12d4a3dd4e68e0b79ceb8dbc84173ae80d91ca44"

isexe@^1.1.1:
  version "1.1.2"
  resolved "https://registry.yarnpkg.com/isexe/-/isexe-1.1.2.tgz#36f3e22e60750920f5e7241a476a8c6a42275ad0"

lru-cache@^4.0.1:
  version "4.0.2"
  resolved "https://registry.yarnpkg.com/lru-cache/-/lru-cache-4.0.2.tgz#1d17679c069cda5d040991a09dbc2c0db377e55e"
  dependencies:
    pseudomap "^1.0.1"
    yallist "^2.0.0"

npm-dependency-injection@^1.1.2:
  version "1.1.2"
  resolved "https://registry.yarnpkg.com/npm-dependency-injection/-/npm-dependency-injection-1.1.2.tgz#370ca9a94c4165aca352e275e38ea6688610d4ce"
  dependencies:
    babel-runtime "^6.18.0"

npm-run-path@^2.0.0:
  version "2.0.2"
  resolved "https://registry.yarnpkg.com/npm-run-path/-/npm-run-path-2.0.2.tgz#35a9232dfa35d7067b4cb2ddf2357b1871536c5f"
  dependencies:
    path-key "^2.0.0"

object-assign@^4.0.1:
  version "4.1.0"
  resolved "https://registry.yarnpkg.com/object-assign/-/object-assign-4.1.0.tgz#7a3b3d0e98063d43f4c03f2e8ae6cd51a86883a0"

path-key@^2.0.0:
  version "2.0.1"
  resolved "https://registry.yarnpkg.com/path-key/-/path-key-2.0.1.tgz#411cadb574c5a140d3a4b1910d40d80cc9f40b40"

pinkie-promise@^2.0.0:
  version "2.0.1"
  resolved "https://registry.yarnpkg.com/pinkie-promise/-/pinkie-promise-2.0.1.tgz#2135d6dfa7a358c069ac9b178776288228450ffa"
  dependencies:
    pinkie "^2.0.0"

pinkie@^2.0.0:
  version "2.0.4"
  resolved "https://registry.yarnpkg.com/pinkie/-/pinkie-2.0.4.tgz#72556b80cfa0d48a974e80e77248e80ed4f7f870"

pseudomap@^1.0.1:
  version "1.0.2"
  resolved "https://registry.yarnpkg.com/pseudomap/-/pseudomap-1.0.2.tgz#f052a28da70e618917ef0a8ac34c1ae5a68286b3"

regenerator-runtime@^0.9.5:
  version "0.9.6"
  resolved "https://registry.yarnpkg.com/regenerator-runtime/-/regenerator-runtime-0.9.6.tgz#d33eb95d0d2001a4be39659707c51b0cb71ce029"

semver@^5.3.0:
  version "5.3.0"
  resolved "https://registry.yarnpkg.com/semver/-/semver-5.3.0.tgz#9b2ce5d3de02d17c6012ad326aa6b4d0cf54f94f"

shell-env@^0.3.0:
  version "0.3.0"
  resolved "https://registry.yarnpkg.com/shell-env/-/shell-env-0.3.0.tgz#2250339022989165bda4eb7bf383afeaaa92dc34"
  dependencies:
    default-shell "^1.0.0"
    execa "^0.5.0"
    strip-ansi "^3.0.0"

signal-exit@^3.0.0:
  version "3.0.2"
  resolved "https://registry.yarnpkg.com/signal-exit/-/signal-exit-3.0.2.tgz#b5fdc08f1287ea1178628e415e25132b73646c6d"

strip-ansi@^3.0.0:
  version "3.0.1"
  resolved "https://registry.yarnpkg.com/strip-ansi/-/strip-ansi-3.0.1.tgz#6a385fb8853d952d5ff05d0e8aaf94278dc63dcf"
  dependencies:
    ansi-regex "^2.0.0"

strip-eof@^1.0.0:
  version "1.0.0"
  resolved "https://registry.yarnpkg.com/strip-eof/-/strip-eof-1.0.0.tgz#bb43ff5598a6eb05d89b59fcd129c983313606bf"

uuid@^3.0.1:
  version "3.0.1"
  resolved "https://registry.yarnpkg.com/uuid/-/uuid-3.0.1.tgz#6544bba2dfda8c1cf17e629a3a305e2bb1fee6c1"

which@^1.2.9:
  version "1.2.12"
  resolved "https://registry.yarnpkg.com/which/-/which-1.2.12.tgz#de67b5e450269f194909ef23ece4ebe416fa1192"
  dependencies:
    isexe "^1.1.1"

yallist@^2.0.0:
  version "2.0.0"
  resolved "https://registry.yarnpkg.com/yallist/-/yallist-2.0.0.tgz#306c543835f09ee1a4cb23b7bce9ab341c91cdd4"
